Microsoft Visual Studio Solution File, Format Version 12.00
# Visual Studio Version 17
VisualStudioVersion = 17.5.2.0
MinimumVisualStudioVersion = 10.0.40219.1
Project("{FAE04EC0-301F-11D3-BF4B-00C04F79EFBC}") = "UnityWorld", "UnityWorld.csproj", "{43BEB674-3F0B-1384-C04B-7C842562991D}"
EndProject
Global
	GlobalSection(SolutionConfigurationPlatforms) = preSolution
		Debug|Any CPU = Debug|Any CPU
		Release|Any CPU = Release|Any CPU
	EndGlobalSection
	GlobalSection(ProjectConfigurationPlatforms) = postSolution
		{43BEB674-3F0B-1384-C04B-7C842562991D}.Debug|Any CPU.ActiveCfg = Debug|Any CPU
		{43BEB674-3F0B-1384-C04B-7C842562991D}.Debug|Any CPU.Build.0 = Debug|Any CPU
		{43BEB674-3F0B-1384-C04B-7C842562991D}.Release|Any CPU.ActiveCfg = Release|Any CPU
		{43BEB674-3F0B-1384-C04B-7C842562991D}.Release|Any CPU.Build.0 = Release|Any CPU
	EndGlobalSection
	GlobalSection(SolutionProperties) = preSolution
		HideSolutionNode = FALSE
	EndGlobalSection
	GlobalSection(ExtensibilityGlobals) = postSolution
		SolutionGuid = {C8B107F8-6761-4872-8D6B-F90EA7753BF9}
	EndGlobalSection
EndGlobal
